#MicroXplorer Configuration settings - do not modify
ADC3.Channel-0\#ChannelRegularConversion=ADC_CHANNEL_0
ADC3.ClockPrescalerADC3=ADC_CLOCK_SYNC_PCLK_DIV1
ADC3.ContinuousConvMode=DISABLE
ADC3.ExternalTrigConv=ADC_EXTERNALTRIG_T1_TRGO
ADC3.IPParameters=Rank-0\#ChannelRegularConversion,Channel-0\#ChannelRegularConversion,SamplingTime-0\#ChannelRegularConversion,OffsetNumber-0\#ChannelRegularConversion,OffsetSignedSaturation-0\#ChannelRegularConversion,NbrOfConversionFlag,ExternalTrigConv,ContinuousConvMode,Resolution,ClockPrescalerADC3
ADC3.NbrOfConversionFlag=1
ADC3.OffsetNumber-0\#ChannelRegularConversion=ADC_OFFSET_NONE
ADC3.OffsetSignedSaturation-0\#ChannelRegularConversion=DISABLE
ADC3.Rank-0\#ChannelRegularConversion=1
ADC3.Resolution=ADC_RESOLUTION_10B
ADC3.SamplingTime-0\#ChannelRegularConversion=ADC_SAMPLETIME_1CYCLE_5
CortexM4.IPs=BDMA,CORTEX_M4\:I,DEBUG,DMA,FATFS_M4\:I,FREERTOS_M4\:I,GPIO,IWDG2\:I,MDMA,NVIC2\:I,OPENAMP_M4\:I,PDM2PCM_M4\:I,PWR,RCC,RESMGR_UTILITY,SYS_M4\:I,USB_DEVICE_M4\:I,USB_HOST_M4\:I,VREFBUF,WWDG2\:I
CortexM7.IPs=BDMA\:I,CORTEX_M7\:I,DEBUG\:I,DMA\:I,FATFS_M7\:I,FREERTOS_M7\:I,GPIO\:I,IWDG1\:I,MDMA\:I,NVIC1\:I,OPENAMP_M7\:I,PDM2PCM_M7\:I,PWR\:I,RCC\:I,RESMGR_UTILITY\:I,SYS\:I,USB_DEVICE_M7\:I,USB_HOST_M7\:I,VREFBUF\:I,WWDG1\:I,DAC1\:I,TIM1\:I,ADC3\:I,TIM2\:I,TIM4\:I
CortexM7.Pins=PE0,PE1
DAC1.DAC_Channel-DAC_OUT1_ExtAndInt=DAC_CHANNEL_1
DAC1.DAC_Trigger-DAC_OUT1_ExtAndInt=DAC_TRIGGER_T4_TRGO
DAC1.IPParameters=DAC_Channel-DAC_OUT1_ExtAndInt,DAC_Trigger-DAC_OUT1_ExtAndInt,WaveGeneration-DAC_OUT1_ExtAndInt
DAC1.WaveGeneration-DAC_OUT1_ExtAndInt=DISABLE
Dma.DAC1_CH1.0.Direction=DMA_MEMORY_TO_PERIPH
Dma.DAC1_CH1.0.EventEnable=DISABLE
Dma.DAC1_CH1.0.FIFOMode=DMA_FIFOMODE_DISABLE
Dma.DAC1_CH1.0.Instance=DMA1_Stream1
Dma.DAC1_CH1.0.MemDataAlignment=DMA_MDATAALIGN_BYTE
Dma.DAC1_CH1.0.MemInc=DMA_MINC_ENABLE
Dma.DAC1_CH1.0.Mode=DMA_CIRCULAR
Dma.DAC1_CH1.0.PeriphDataAlignment=DMA_PDATAALIGN_BYTE
Dma.DAC1_CH1.0.PeriphInc=DMA_PINC_DISABLE
Dma.DAC1_CH1.0.Polarity=HAL_DMAMUX_REQ_GEN_RISING
Dma.DAC1_CH1.0.Priority=DMA_PRIORITY_LOW
Dma.DAC1_CH1.0.RequestNumber=1
Dma.DAC1_CH1.0.RequestParameters=Instance,Direction,PeriphInc,MemInc,PeriphDataAlignment,MemDataAlignment,Mode,Priority,FIFOMode,SignalID,Polarity,RequestNumber,SyncSignalID,SyncPolarity,SyncEnable,EventEnable,SyncRequestNumber
Dma.DAC1_CH1.0.SignalID=NONE
Dma.DAC1_CH1.0.SyncEnable=DISABLE
Dma.DAC1_CH1.0.SyncPolarity=HAL_DMAMUX_SYNC_NO_EVENT
Dma.DAC1_CH1.0.SyncRequestNumber=1
Dma.DAC1_CH1.0.SyncSignalID=NONE
Dma.Request0=DAC1_CH1
Dma.RequestsNb=1
FREERTOS_M7.FootprintOK=true
FREERTOS_M7.IPParameters=Tasks01,FootprintOK,configUSE_NEWLIB_REENTRANT
FREERTOS_M7.Tasks01=SignalGeneratio,24,128,vGeneration,Default,NULL,Dynamic,NULL,NULL
FREERTOS_M7.configUSE_NEWLIB_REENTRANT=1
File.Version=6
KeepUserPlacement=false
Mcu.CPN=STM32H745ZIT3
Mcu.Context0=CortexM7
Mcu.Context1=CortexM4
Mcu.ContextNb=2
Mcu.Family=STM32H7
Mcu.IP0=ADC3
Mcu.IP1=CORTEX_M4
Mcu.IP10=TIM2
Mcu.IP11=TIM4
Mcu.IP2=CORTEX_M7
Mcu.IP3=DAC1
Mcu.IP4=DMA
Mcu.IP5=FREERTOS_M7
Mcu.IP6=NVIC1
Mcu.IP7=NVIC2
Mcu.IP8=RCC
Mcu.IP9=TIM1
Mcu.IPNb=12
Mcu.Name=STM32H745ZITx
Mcu.Package=LQFP144
Mcu.Pin0=PC2_C
Mcu.Pin1=PA0
Mcu.Pin10=VP_TIM4_VS_no_output1
Mcu.Pin2=PA4
Mcu.Pin3=PE0
Mcu.Pin4=PE1
Mcu.Pin5=VP_FREERTOS_M7_VS_CMSIS_V2
Mcu.Pin6=VP_TIM1_VS_ClockSourceINT
Mcu.Pin7=VP_TIM1_VS_no_output1
Mcu.Pin8=VP_TIM2_VS_ClockSourceINT
Mcu.Pin9=VP_TIM4_VS_ClockSourceINT
Mcu.PinsNb=11
Mcu.ThirdPartyNb=0
Mcu.UserConstants=
Mcu.UserName=STM32H745ZITx
MxCube.Version=6.6.1
MxDb.Version=DB.6.0.60
NVIC1.ADC3_IRQn=true\:5\:0\:false\:false\:true\:true\:true\:true\:true
NVIC1.BusFault_IRQn=true\:0\:0\:false\:false\:true\:false\:false\:false\:false
NVIC1.DMA1_Stream1_IRQn=true\:5\:0\:false\:false\:true\:true\:false\:true\:true
NVIC1.DebugMonitor_IRQn=true\:0\:0\:false\:false\:true\:false\:false\:false\:false
NVIC1.ForceEnableDMAVector=true
NVIC1.HardFault_IRQn=true\:0\:0\:false\:false\:true\:false\:false\:false\:false
NVIC1.MemoryManagement_IRQn=true\:0\:0\:false\:false\:true\:false\:false\:false\:false
NVIC1.NonMaskableInt_IRQn=true\:0\:0\:false\:false\:true\:false\:false\:false\:false
NVIC1.PendSV_IRQn=true\:15\:0\:false\:false\:false\:true\:false\:false\:false
NVIC1.PriorityGroup=NVIC_PRIORITYGROUP_4
NVIC1.SVCall_IRQn=true\:0\:0\:false\:false\:false\:false\:false\:false\:false
NVIC1.SavedPendsvIrqHandlerGenerated=true
NVIC1.SavedSvcallIrqHandlerGenerated=true
NVIC1.SavedSystickIrqHandlerGenerated=true
NVIC1.SysTick_IRQn=true\:15\:0\:false\:false\:true\:true\:false\:true\:false
NVIC1.UsageFault_IRQn=true\:0\:0\:false\:false\:true\:false\:false\:false\:false
NVIC2.BusFault_IRQn=true\:0\:0\:false\:false\:true\:false\:false\:false
NVIC2.DebugMonitor_IRQn=true\:0\:0\:false\:false\:true\:false\:false\:false
NVIC2.ForceEnableDMAVector=true
NVIC2.HardFault_IRQn=true\:0\:0\:false\:false\:true\:false\:false\:false
NVIC2.MemoryManagement_IRQn=true\:0\:0\:false\:false\:true\:false\:false\:false
NVIC2.NonMaskableInt_IRQn=true\:0\:0\:false\:false\:true\:false\:false\:false
NVIC2.PendSV_IRQn=true\:0\:0\:false\:false\:true\:false\:false\:false
NVIC2.PriorityGroup=NVIC_PRIORITYGROUP_4
NVIC2.SVCall_IRQn=true\:0\:0\:false\:false\:true\:false\:false\:false
NVIC2.SysTick_IRQn=true\:15\:0\:false\:false\:true\:false\:true\:false
NVIC2.UsageFault_IRQn=true\:0\:0\:false\:false\:true\:false\:false\:false
PA0.GPIOParameters=PinAttribute
PA0.PinAttribute=CortexM7
PA0.Signal=S_TIM2_CH1_ETR
PA4.GPIOParameters=PinAttribute
PA4.PinAttribute=CortexM7
PA4.Signal=COMP_DAC11_group
PC2_C.GPIOParameters=PinAttribute
PC2_C.Mode=IN0-Single-Ended
PC2_C.PinAttribute=CortexM7
PC2_C.Signal=ADC3_INP0
PE0.ContextOwner=CortexM7
PE0.GPIOParameters=PinAttribute
PE0.Locked=true
PE0.PinAttribute=CortexM7
PE0.Signal=GPIO_Output
PE1.ContextOwner=CortexM7
PE1.GPIOParameters=PinAttribute
PE1.Locked=true
PE1.PinAttribute=CortexM7
PE1.Signal=GPIO_Output
PinOutPanel.RotationAngle=0
ProjectManager.AskForMigrate=true
ProjectManager.BackupPrevious=false
ProjectManager.BootMode=boot0
ProjectManager.CompilerOptimize=6
ProjectManager.ComputerToolchain=false
ProjectManager.CoupleFile=false
ProjectManager.CustomerFirmwarePackage=
ProjectManager.DefaultFWLocation=true
ProjectManager.DeletePrevious=true
ProjectManager.DeviceId=STM32H745ZITx
ProjectManager.FirmwarePackage=STM32Cube FW_H7 V1.10.0
ProjectManager.FreePins=false
ProjectManager.HalAssertFull=false
ProjectManager.HeapSize=M4-0x200,M7-0x200
ProjectManager.KeepUserCode=true
ProjectManager.LastFirmware=true
ProjectManager.LibraryCopy=1
ProjectManager.MainLocation=Core/Src
ProjectManager.NoMain=false
ProjectManager.PreviousToolchain=
ProjectManager.ProjectBuild=false
ProjectManager.ProjectFileName=DigitalSignalProcessing.ioc
ProjectManager.ProjectName=DigitalSignalProcessing
ProjectManager.RegisterCallBack=
ProjectManager.StackSize=M4-0x400,M7-0x400
ProjectManager.TargetToolchain=STM32CubeIDE
ProjectManager.ToolChainLocation=
ProjectManager.UnderRoot=true
ProjectManager.functionlistsort=1-SystemClock_Config-RCC-false-HAL-false-CortexM7,2-MX_GPIO_Init-GPIO-false-HAL-true-CortexM7,3-MX_DMA_Init-DMA-false-HAL-true-CortexM7,4-MX_DAC1_Init-DAC1-false-HAL-true-CortexM7,5-MX_FREERTOS_Init-FREERTOS_M7-false-HAL-false-CortexM7,6-MX_TIM1_Init-TIM1-false-HAL-true-CortexM7,7-MX_ADC3_Init-ADC3-false-HAL-true-CortexM7,8-MX_TIM2_Init-TIM2-false-HAL-true-CortexM7,9-MX_TIM4_Init-TIM4-false-HAL-true-CortexM7,1-MX_DMA_Init-DMA-false-HAL-true-CortexM4,0-MX_CORTEX_M7_Init-CORTEX_M7-false-HAL-true-CortexM7,0-MX_CORTEX_M4_Init-CORTEX_M4-false-HAL-true-CortexM4
RCC.ADCFreq_Value=40000000
RCC.AHB12Freq_Value=64000000
RCC.AHB4Freq_Value=64000000
RCC.APB1Freq_Value=64000000
RCC.APB2Freq_Value=64000000
RCC.APB3Freq_Value=64000000
RCC.APB4Freq_Value=64000000
RCC.AXIClockFreq_Value=64000000
RCC.CECFreq_Value=32000
RCC.CKPERFreq_Value=64000000
RCC.CPU2Freq_Value=64000000
RCC.CPU2SystikFreq_Value=64000000
RCC.CortexFreq_Value=64000000
RCC.CpuClockFreq_Value=64000000
RCC.D1CPREFreq_Value=64000000
RCC.DFSDMACLkFreq_Value=129000000
RCC.DFSDMFreq_Value=64000000
RCC.DIVM2=4
RCC.DIVN2=10
RCC.DIVP1Freq_Value=129000000
RCC.DIVP2=4
RCC.DIVP2Freq_Value=40000000
RCC.DIVP3Freq_Value=129000000
RCC.DIVQ1Freq_Value=129000000
RCC.DIVQ2Freq_Value=80000000
RCC.DIVQ3Freq_Value=129000000
RCC.DIVR1Freq_Value=129000000
RCC.DIVR2Freq_Value=80000000
RCC.DIVR3Freq_Value=129000000
RCC.FDCANFreq_Value=129000000
RCC.FMCFreq_Value=64000000
RCC.FamilyName=M
RCC.HCLK3ClockFreq_Value=64000000
RCC.HCLKFreq_Value=64000000
RCC.HRTIMFreq_Value=64000000
RCC.I2C123Freq_Value=64000000
RCC.I2C4Freq_Value=64000000
RCC.IPParameters=ADCFreq_Value,AHB12Freq_Value,AHB4Freq_Value,APB1Freq_Value,APB2Freq_Value,APB3Freq_Value,APB4Freq_Value,AXIClockFreq_Value,CECFreq_Value,CKPERFreq_Value,CPU2Freq_Value,CPU2SystikFreq_Value,CortexFreq_Value,CpuClockFreq_Value,D1CPREFreq_Value,DFSDMACLkFreq_Value,DFSDMFreq_Value,DIVM2,DIVN2,DIVP1Freq_Value,DIVP2,DIVP2Freq_Value,DIVP3Freq_Value,DIVQ1Freq_Value,DIVQ2Freq_Value,DIVQ3Freq_Value,DIVR1Freq_Value,DIVR2Freq_Value,DIVR3Freq_Value,FDCANFreq_Value,FMCFreq_Value,FamilyName,HCLK3ClockFreq_Value,HCLKFreq_Value,HRTIMFreq_Value,I2C123Freq_Value,I2C4Freq_Value,LPTIM1Freq_Value,LPTIM2Freq_Value,LPTIM345Freq_Value,LPUART1Freq_Value,LTDCFreq_Value,MCO1PinFreq_Value,MCO2PinFreq_Value,QSPIFreq_Value,RNGFreq_Value,RTCFreq_Value,SAI1Freq_Value,SAI23Freq_Value,SAI4AFreq_Value,SAI4BFreq_Value,SDMMCFreq_Value,SPDIFRXFreq_Value,SPI123Freq_Value,SPI45Freq_Value,SPI6Freq_Value,SWPMI1Freq_Value,SYSCLKFreq_VALUE,Tim1OutputFreq_Value,Tim2OutputFreq_Value,TraceFreq_Value,USART16Freq_Value,USART234578Freq_Value,USBCLockSelection,USBFreq_Value,VCO1OutputFreq_Value,VCO2OutputFreq_Value,VCO3OutputFreq_Value,VCOInput1Freq_Value,VCOInput2Freq_Value,VCOInput3Freq_Value
RCC.LPTIM1Freq_Value=64000000
RCC.LPTIM2Freq_Value=64000000
RCC.LPTIM345Freq_Value=64000000
RCC.LPUART1Freq_Value=64000000
RCC.LTDCFreq_Value=129000000
RCC.MCO1PinFreq_Value=64000000
RCC.MCO2PinFreq_Value=64000000
RCC.QSPIFreq_Value=64000000
RCC.RNGFreq_Value=48000000
RCC.RTCFreq_Value=32000
RCC.SAI1Freq_Value=129000000
RCC.SAI23Freq_Value=129000000
RCC.SAI4AFreq_Value=129000000
RCC.SAI4BFreq_Value=129000000
RCC.SDMMCFreq_Value=129000000
RCC.SPDIFRXFreq_Value=129000000
RCC.SPI123Freq_Value=129000000
RCC.SPI45Freq_Value=64000000
RCC.SPI6Freq_Value=64000000
RCC.SWPMI1Freq_Value=64000000
RCC.SYSCLKFreq_VALUE=64000000
RCC.Tim1OutputFreq_Value=64000000
RCC.Tim2OutputFreq_Value=64000000
RCC.TraceFreq_Value=64000000
RCC.USART16Freq_Value=64000000
RCC.USART234578Freq_Value=64000000
RCC.USBCLockSelection=RCC_USBCLKSOURCE_HSI48
RCC.USBFreq_Value=48000000
RCC.VCO1OutputFreq_Value=258000000
RCC.VCO2OutputFreq_Value=160000000
RCC.VCO3OutputFreq_Value=258000000
RCC.VCOInput1Freq_Value=2000000
RCC.VCOInput2Freq_Value=16000000
RCC.VCOInput3Freq_Value=2000000
SH.COMP_DAC11_group.0=DAC1_OUT1,DAC_OUT1_ExtAndInt
SH.COMP_DAC11_group.ConfNb=1
SH.S_TIM2_CH1_ETR.0=TIM2_CH1,PWM Generation1 CH1
SH.S_TIM2_CH1_ETR.ConfNb=1
TIM1.Channel-PWM\ Generation1\ No\ Output=TIM_CHANNEL_1
TIM1.IPParameters=Period,TIM_MasterSlaveMode,TIM_MasterOutputTrigger,TIM_MasterOutputTrigger2,Prescaler,Channel-PWM Generation1 No Output
TIM1.Period=16000 - 1 
TIM1.Prescaler=0
TIM1.TIM_MasterOutputTrigger=TIM_TRGO_UPDATE
TIM1.TIM_MasterOutputTrigger2=TIM_TRGO2_OC1REF
TIM1.TIM_MasterSlaveMode=TIM_MASTERSLAVEMODE_ENABLE
TIM2.Channel-PWM\ Generation1\ CH1=TIM_CHANNEL_1
TIM2.IPParameters=Channel-PWM Generation1 CH1,Period
TIM2.Period=64000 - 1 
TIM4.Channel-PWM\ Generation1\ No\ Output=TIM_CHANNEL_1
TIM4.IPParameters=Channel-PWM Generation1 No Output,Prescaler,TIM_MasterOutputTrigger
TIM4.Prescaler=64 - 1 
TIM4.TIM_MasterOutputTrigger=TIM_TRGO_UPDATE
VP_FREERTOS_M7_VS_CMSIS_V2.Mode=CMSIS_V2
VP_FREERTOS_M7_VS_CMSIS_V2.Signal=FREERTOS_M7_VS_CMSIS_V2
VP_TIM1_VS_ClockSourceINT.Mode=Internal
VP_TIM1_VS_ClockSourceINT.Signal=TIM1_VS_ClockSourceINT
VP_TIM1_VS_no_output1.Mode=PWM Generation1 No Output
VP_TIM1_VS_no_output1.Signal=TIM1_VS_no_output1
VP_TIM2_VS_ClockSourceINT.Mode=Internal
VP_TIM2_VS_ClockSourceINT.Signal=TIM2_VS_ClockSourceINT
VP_TIM4_VS_ClockSourceINT.Mode=Internal
VP_TIM4_VS_ClockSourceINT.Signal=TIM4_VS_ClockSourceINT
VP_TIM4_VS_no_output1.Mode=PWM Generation1 No Output
VP_TIM4_VS_no_output1.Signal=TIM4_VS_no_output1
board=custom
isbadioc=false
